
Microsoft Visual Studio Solution File, Format Version 12.00
# Visual Studio Version 16
VisualStudioVersion = 16.0.29609.76
MinimumVisualStudioVersion = 10.0.40219.1
Project("{9A19103F-16F7-4668-BE54-9A1E7A4F7556}") = "tTask", "tTask\tTask.csproj", "{EC10096F-2649-4984-8207-3CDD4743D778}"
EndProject
Project("{9A19103F-16F7-4668-BE54-9A1E7A4F7556}") = "tTask.ORM", "tTask.ORM\tTask.ORM.csproj", "{47E47DB4-DFF8-4591-924C-AF1B75E71862}"
EndProject
Global
	GlobalSection(SolutionConfigurationPlatforms) = preSolution
		Debug|Any CPU = Debug|Any CPU
		Release|Any CPU = Release|Any CPU
	EndGlobalSection
	GlobalSection(ProjectConfigurationPlatforms) = postSolution
		{EC10096F-2649-4984-8207-3CDD4743D778}.Debug|Any CPU.ActiveCfg = Debug|Any CPU
		{EC10096F-2649-4984-8207-3CDD4743D778}.Debug|Any CPU.Build.0 = Debug|Any CPU
		{EC10096F-2649-4984-8207-3CDD4743D778}.Release|Any CPU.ActiveCfg = Release|Any CPU
		{EC10096F-2649-4984-8207-3CDD4743D778}.Release|Any CPU.Build.0 = Release|Any CPU
		{47E47DB4-DFF8-4591-924C-AF1B75E71862}.Debug|Any CPU.ActiveCfg = Debug|Any CPU
		{47E47DB4-DFF8-4591-924C-AF1B75E71862}.Debug|Any CPU.Build.0 = Debug|Any CPU
		{47E47DB4-DFF8-4591-924C-AF1B75E71862}.Release|Any CPU.ActiveCfg = Release|Any CPU
		{47E47DB4-DFF8-4591-924C-AF1B75E71862}.Release|Any CPU.Build.0 = Release|Any CPU
	EndGlobalSection
	GlobalSection(SolutionProperties) = preSolution
		HideSolutionNode = FALSE
	EndGlobalSection
	GlobalSection(ExtensibilityGlobals) = postSolution
		SolutionGuid = {728C9458-1548-48F0-89B4-A214B1F6155E}
	EndGlobalSection
EndGlobal
